// !$*UTF8*$!
{
	archiveVersion = 1;
	classes = {
	};
	objectVersion = 46;
	objects = {

/* Begin PBXBuildFile section */
		5E01300115E60A210070BF05 /* FTAnimation+UIView.m in Sources */ = {isa = PBXBuildFile; fileRef = 5E012FFB15E60A210070BF05 /* FTAnimation+UIView.m */; };
		5E01300215E60A210070BF05 /* FTAnimationManager.m in Sources */ = {isa = PBXBuildFile; fileRef = 5E012FFD15E60A210070BF05 /* FTAnimationManager.m */; };
		5E01300315E60A210070BF05 /* FTUtils+NSObject.m in Sources */ = {isa = PBXBuildFile; fileRef = 5E01300015E60A210070BF05 /* FTUtils+NSObject.m */; };
		5E01300515E60A400070BF05 /* QuartzCore.framework in Frameworks */ = {isa = PBXBuildFile; fileRef = 5E01300415E60A400070BF05 /* QuartzCore.framework */; };
		5E01303615E61DA70070BF05 /* 01.mp3 in Resources */ = {isa = PBXBuildFile; fileRef = 5E01303515E61DA70070BF05 /* 01.mp3 */; };
		5E01303915E624A30070BF05 /* SystemInitialize.m in Sources */ = {isa = PBXBuildFile; fileRef = 5E01303815E624A20070BF05 /* SystemInitialize.m */; };
		5E01304115E626EF0070BF05 /* ChapterPO.m in Sources */ = {isa = PBXBuildFile; fileRef = 5E01304015E626EF0070BF05 /* ChapterPO.m */; };
		5E01305515E62FB30070BF05 /* autumn.xml in Resources */ = {isa = PBXBuildFile; fileRef = 5E01305115E62FB30070BF05 /* autumn.xml */; };
		5E01305615E62FB30070BF05 /* autumn.xml in Resources */ = {isa = PBXBuildFile; fileRef = 5E01305115E62FB30070BF05 /* autumn.xml */; };
		5E01305715E62FB30070BF05 /* spring.xml in Resources */ = {isa = PBXBuildFile; fileRef = 5E01305215E62FB30070BF05 /* spring.xml */; };
		5E01305815E62FB30070BF05 /* spring.xml in Resources */ = {isa = PBXBuildFile; fileRef = 5E01305215E62FB30070BF05 /* spring.xml */; };
		5E01305915E62FB30070BF05 /* summer.xml in Resources */ = {isa = PBXBuildFile; fileRef = 5E01305315E62FB30070BF05 /* summer.xml */; };
		5E01305A15E62FB30070BF05 /* summer.xml in Resources */ = {isa = PBXBuildFile; fileRef = 5E01305315E62FB30070BF05 /* summer.xml */; };
		5E01305B15E62FB30070BF05 /* winter.xml in Resources */ = {isa = PBXBuildFile; fileRef = 5E01305415E62FB30070BF05 /* winter.xml */; };
		5E01305C15E62FB30070BF05 /* winter.xml in Resources */ = {isa = PBXBuildFile; fileRef = 5E01305415E62FB30070BF05 /* winter.xml */; };
		5E01306215E62FDB0070BF05 /* 01词汇.txt in Resources */ = {isa = PBXBuildFile; fileRef = 5E01305D15E62FDB0070BF05 /* 01词汇.txt */; };
		5E01306315E62FDB0070BF05 /* 01词汇.txt in Resources */ = {isa = PBXBuildFile; fileRef = 5E01305D15E62FDB0070BF05 /* 01词汇.txt */; };
		5E01306415E62FDB0070BF05 /* 01翻译.txt in Resources */ = {isa = PBXBuildFile; fileRef = 5E01305E15E62FDB0070BF05 /* 01翻译.txt */; };
		5E01306515E62FDB0070BF05 /* 01翻译.txt in Resources */ = {isa = PBXBuildFile; fileRef = 5E01305E15E62FDB0070BF05 /* 01翻译.txt */; };
		5E01306615E62FDB0070BF05 /* 01句子.txt in Resources */ = {isa = PBXBuildFile; fileRef = 5E01305F15E62FDB0070BF05 /* 01句子.txt */; };
		5E01306715E62FDB0070BF05 /* 01句子.txt in Resources */ = {isa = PBXBuildFile; fileRef = 5E01305F15E62FDB0070BF05 /* 01句子.txt */; };
		5E01306815E62FDB0070BF05 /* 01英汉.txt in Resources */ = {isa = PBXBuildFile; fileRef = 5E01306015E62FDB0070BF05 /* 01英汉.txt */; };
		5E01306915E62FDB0070BF05 /* 01英汉.txt in Resources */ = {isa = PBXBuildFile; fileRef = 5E01306015E62FDB0070BF05 /* 01英汉.txt */; };
		5E01306A15E62FDB0070BF05 /* 01原文.txt in Resources */ = {isa = PBXBuildFile; fileRef = 5E01306115E62FDB0070BF05 /* 01原文.txt */; };
		5E01306B15E62FDB0070BF05 /* 01原文.txt in Resources */ = {isa = PBXBuildFile; fileRef = 5E01306115E62FDB0070BF05 /* 01原文.txt */; };
		5E01307215E635070070BF05 /* coreData.xcdatamodeld in Sources */ = {isa = PBXBuildFile; fileRef = 5E01307015E635070070BF05 /* coreData.xcdatamodeld */; };
		5E7345C315ECC91E00F7AD79 /* MCSegmentedControl.m in Sources */ = {isa = PBXBuildFile; fileRef = 5E7345C215ECC91E00F7AD79 /* MCSegmentedControl.m */; };
		5E7345C715ECC94500F7AD79 /* FavoritesViewController.m in Sources */ = {isa = PBXBuildFile; fileRef = 5E7345C615ECC94500F7AD79 /* FavoritesViewController.m */; };
		5E7345CA15ECC96000F7AD79 /* FavoritesView.m in Sources */ = {isa = PBXBuildFile; fileRef = 5E7345C915ECC96000F7AD79 /* FavoritesView.m */; };
		5E7345CD15ECCA9B00F7AD79 /* WordListView.m in Sources */ = {isa = PBXBuildFile; fileRef = 5E7345CC15ECCA9B00F7AD79 /* WordListView.m */; };
		5E7345D015ECCAAE00F7AD79 /* SentenceListView.m in Sources */ = {isa = PBXBuildFile; fileRef = 5E7345CF15ECCAAE00F7AD79 /* SentenceListView.m */; };
		5E7345DF15EE008100F7AD79 /* SentenceViewController.m in Sources */ = {isa = PBXBuildFile; fileRef = 5E7345DE15EE008100F7AD79 /* SentenceViewController.m */; };
		5E98EF1B15EB7724002AACCC /* ReaderView.m in Sources */ = {isa = PBXBuildFile; fileRef = 5E98EF1A15EB7724002AACCC /* ReaderView.m */; };
		5E98EF2715EC7278002AACCC /* ToolsBar.m in Sources */ = {isa = PBXBuildFile; fileRef = 5E98EF2615EC7278002AACCC /* ToolsBar.m */; };
		5E98EF2B15EC9EE4002AACCC /* WordTranslateView.m in Sources */ = {isa = PBXBuildFile; fileRef = 5E98EF2A15EC9EE4002AACCC /* WordTranslateView.m */; };
		5EA7837115E608500099C166 /* RegexKitLite.m in Sources */ = {isa = PBXBuildFile; fileRef = 5EA7836E15E608500099C166 /* RegexKitLite.m */; };
		5EA7837215E608500099C166 /* RKLMatchEnumerator.m in Sources */ = {isa = PBXBuildFile; fileRef = 5EA7837015E608500099C166 /* RKLMatchEnumerator.m */; };
		5EA7837515E608960099C166 /* IFTweetLabel.m in Sources */ = {isa = PBXBuildFile; fileRef = 5EA7837415E608960099C166 /* IFTweetLabel.m */; };
		5EA7837715E608B10099C166 /* libicucore.A.dylib in Frameworks */ = {isa = PBXBuildFile; fileRef = 5EA7837615E608B10099C166 /* libicucore.A.dylib */; };
		DF30EEA315ED17150080DD6C /* MBProgressHUD.m in Sources */ = {isa = PBXBuildFile; fileRef = DF30EEA215ED17150080DD6C /* MBProgressHUD.m */; };
		DFC5DE7615EA009200DCE9BE /* MainView.m in Sources */ = {isa = PBXBuildFile; fileRef = DFC5DE7515EA009200DCE9BE /* MainView.m */; };
		DFC5DE7915EA122800DCE9BE /* FirstLevelMenuController.m in Sources */ = {isa = PBXBuildFile; fileRef = DFC5DE7815EA122800DCE9BE /* FirstLevelMenuController.m */; };
		DFC5DE7C15EA142A00DCE9BE /* FirstLevelMenuView.m in Sources */ = {isa = PBXBuildFile; fileRef = DFC5DE7B15EA142A00DCE9BE /* FirstLevelMenuView.m */; };
		DFC5DE8015EA16AA00DCE9BE /* SubjectService.m in Sources */ = {isa = PBXBuildFile; fileRef = DFC5DE7F15EA16AA00DCE9BE /* SubjectService.m */; };
		DFC5DE8415EA1C2300DCE9BE /* FirstLevelMenuCell.m in Sources */ = {isa = PBXBuildFile; fileRef = DFC5DE8315EA1C2300DCE9BE /* FirstLevelMenuCell.m */; };
		DFC5DE8E15EA2DB300DCE9BE /* WORD.m in Sources */ = {isa = PBXBuildFile; fileRef = DFC5DE8D15EA2DB200DCE9BE /* WORD.m */; };
		DFC5DE9115EA2DB500DCE9BE /* SUBJECT.m in Sources */ = {isa = PBXBuildFile; fileRef = DFC5DE9015EA2DB400DCE9BE /* SUBJECT.m */; };
		DFC5DE9415EA2DBA00DCE9BE /* SENTENCE.m in Sources */ = {isa = PBXBuildFile; fileRef = DFC5DE9315EA2DB800DCE9BE /* SENTENCE.m */; };
		DFC5DE9715EA2DBE00DCE9BE /* CHAPTER.m in Sources */ = {isa = PBXBuildFile; fileRef = DFC5DE9615EA2DBC00DCE9BE /* CHAPTER.m */; };
		DFC5DE9A15EA2DCE00DCE9BE /* GAME.m in Sources */ = {isa = PBXBuildFile; fileRef = DFC5DE9915EA2DCB00DCE9BE /* GAME.m */; };
		DFC5DEA315EA327C00DCE9BE /* sql.sqlite in Resources */ = {isa = PBXBuildFile; fileRef = DFC5DEA215EA327C00DCE9BE /* sql.sqlite */; };
		DFC5DEA615EA35E100DCE9BE /* SecondLevelMenuController.m in Sources */ = {isa = PBXBuildFile; fileRef = DFC5DEA515EA35E100DCE9BE /* SecondLevelMenuController.m */; };
		DFC5DEA915EA360100DCE9BE /* SecondLevelMenuView.m in Sources */ = {isa = PBXBuildFile; fileRef = DFC5DEA815EA360000DCE9BE /* SecondLevelMenuView.m */; };
		DFC5DEAC15EA37CE00DCE9BE /* SecondLevelMenuCell.m in Sources */ = {isa = PBXBuildFile; fileRef = DFC5DEAB15EA37CE00DCE9BE /* SecondLevelMenuCell.m */; };
		DFC5DEAF15EA3D2A00DCE9BE /* ChapterService.m in Sources */ = {isa = PBXBuildFile; fileRef = DFC5DEAE15EA3D2A00DCE9BE /* ChapterService.m */; };
		DFC5DEB615EA62BA00DCE9BE /* ReadViewController.m in Sources */ = {isa = PBXBuildFile; fileRef = DFC5DEB515EA62BA00DCE9BE /* ReadViewController.m */; };
		DFD6DA2B15E5160B00A7A6E7 /* UIKit.framework in Frameworks */ = {isa = PBXBuildFile; fileRef = DFD6DA2A15E5160B00A7A6E7 /* UIKit.framework */; };
		DFD6DA2D15E5160B00A7A6E7 /* Foundation.framework in Frameworks */ = {isa = PBXBuildFile; fileRef = DFD6DA2C15E5160B00A7A6E7 /* Foundation.framework */; };
		DFD6DA2F15E5160B00A7A6E7 /* CoreGraphics.framework in Frameworks */ = {isa = PBXBuildFile; fileRef = DFD6DA2E15E5160B00A7A6E7 /* CoreGraphics.framework */; };
		DFD6DA3515E5160B00A7A6E7 /* InfoPlist.strings in Resources */ = {isa = PBXBuildFile; fileRef = DFD6DA3315E5160B00A7A6E7 /* InfoPlist.strings */; };
		DFD6DA3715E5160B00A7A6E7 /* main.m in Sources */ = {isa = PBXBuildFile; fileRef = DFD6DA3615E5160B00A7A6E7 /* main.m */; };
		DFD6DA4915E5160B00A7A6E7 /* SenTestingKit.framework in Frameworks */ = {isa = PBXBuildFile; fileRef = DFD6DA4815E5160B00A7A6E7 /* SenTestingKit.framework */; };
		DFD6DA4A15E5160B00A7A6E7 /* UIKit.framework in Frameworks */ = {isa = PBXBuildFile; fileRef = DFD6DA2A15E5160B00A7A6E7 /* UIKit.framework */; };
		DFD6DA4B15E5160B00A7A6E7 /* Foundation.framework in Frameworks */ = {isa = PBXBuildFile; fileRef = DFD6DA2C15E5160B00A7A6E7 /* Foundation.framework */; };
		DFD6DA5315E5160B00A7A6E7 /* InfoPlist.strings in Resources */ = {isa = PBXBuildFile; fileRef = DFD6DA5115E5160B00A7A6E7 /* InfoPlist.strings */; };
		DFD6DA5615E5160B00A7A6E7 /* beautyReaderTests.m in Sources */ = {isa = PBXBuildFile; fileRef = DFD6DA5515E5160B00A7A6E7 /* beautyReaderTests.m */; };
		DFDA4F2315EBB1FD00293526 /* PlayBar.m in Sources */ = {isa = PBXBuildFile; fileRef = DFDA4F2215EBB1FD00293526 /* PlayBar.m */; };
		DFDA4F2E15EBB9F500293526 /* AVFoundation.framework in Frameworks */ = {isa = PBXBuildFile; fileRef = DFDA4F2D15EBB9F500293526 /* AVFoundation.framework */; };
		DFEB65F215E5369C00BD53A5 /* MainViewController.m in Sources */ = {isa = PBXBuildFile; fileRef = DFEB65F115E5369C00BD53A5 /* MainViewController.m */; };
		DFEB65F515E536D300BD53A5 /* STAppDelegate.m in Sources */ = {isa = PBXBuildFile; fileRef = DFEB65F415E536D300BD53A5 /* STAppDelegate.m */; };
		DFEB661E15E537F700BD53A5 /* CTidy.m in Sources */ = {isa = PBXBuildFile; fileRef = DFEB65FE15E537F700BD53A5 /* CTidy.m */; };
		DFEB661F15E537F700BD53A5 /* CXHTMLDocument.m in Sources */ = {isa = PBXBuildFile; fileRef = DFEB660015E537F700BD53A5 /* CXHTMLDocument.m */; };
		DFEB662015E537F700BD53A5 /* CXMLDocument_CreationExtensions.m in Sources */ = {isa = PBXBuildFile; fileRef = DFEB660215E537F700BD53A5 /* CXMLDocument_CreationExtensions.m */; };
		DFEB662115E537F700BD53A5 /* CXMLDocument_PrivateExtensions.m in Sources */ = {isa = PBXBuildFile; fileRef = DFEB660415E537F700BD53A5 /* CXMLDocument_PrivateExtensions.m */; };
		DFEB662215E537F700BD53A5 /* CXMLDocument.m in Sources */ = {isa = PBXBuildFile; fileRef = DFEB660615E537F700BD53A5 /* CXMLDocument.m */; };
		DFEB662315E537F700BD53A5 /* CXMLElement_CreationExtensions.m in Sources */ = {isa = PBXBuildFile; fileRef = DFEB660815E537F700BD53A5 /* CXMLElement_CreationExtensions.m */; };
		DFEB662415E537F700BD53A5 /* CXMLElement_ElementTreeExtensions.m in Sources */ = {isa = PBXBuildFile; fileRef = DFEB660A15E537F700BD53A5 /* CXMLElement_ElementTreeExtensions.m */; };
		DFEB662515E537F700BD53A5 /* CXMLElement.m in Sources */ = {isa = PBXBuildFile; fileRef = DFEB660C15E537F700BD53A5 /* CXMLElement.m */; };
		DFEB662615E537F700BD53A5 /* CXMLNamespaceNode.m in Sources */ = {isa = PBXBuildFile; fileRef = DFEB660E15E537F700BD53A5 /* CXMLNamespaceNode.m */; };
		DFEB662715E537F700BD53A5 /* CXMLNode_CreationExtensions.m in Sources */ = {isa = PBXBuildFile; fileRef = DFEB661015E537F700BD53A5 /* CXMLNode_CreationExtensions.m */; };
		DFEB662815E537F700BD53A5 /* CXMLNode_PrivateExtensions.m in Sources */ = {isa = PBXBuildFile; fileRef = DFEB661215E537F700BD53A5 /* CXMLNode_PrivateExtensions.m */; };
		DFEB662915E537F700BD53A5 /* CXMLNode_XPathExtensions.m in Sources */ = {isa = PBXBuildFile; fileRef = DFEB661415E537F700BD53A5 /* CXMLNode_XPathExtensions.m */; };
		DFEB662A15E537F700BD53A5 /* CXMLNode.m in Sources */ = {isa = PBXBuildFile; fileRef = DFEB661615E537F700BD53A5 /* CXMLNode.m */; };
		DFEB662B15E537F700BD53A5 /* TestParseXML.m in Sources */ = {isa = PBXBuildFile; fileRef = DFEB661815E537F700BD53A5 /* TestParseXML.m */; };
		DFEB662C15E537F700BD53A5 /* XMLCreateFactory.m in Sources */ = {isa = PBXBuildFile; fileRef = DFEB661B15E537F700BD53A5 /* XMLCreateFactory.m */; };
		DFEB662D15E537F700BD53A5 /* XMLParseFactory.m in Sources */ = {isa = PBXBuildFile; fileRef = DFEB661D15E537F700BD53A5 /* XMLParseFactory.m */; };
		DFEB662F15E5388800BD53A5 /* libxml2.dylib in Frameworks */ = {isa = PBXBuildFile; fileRef = DFEB662E15E5388800BD53A5 /* libxml2.dylib */; };
		DFEB663315E539BD00BD53A5 /* CoreDataFactory.m in Sources */ = {isa = PBXBuildFile; fileRef = DFEB663215E539BD00BD53A5 /* CoreDataFactory.m */; };
		DFEB663715E53A3600BD53A5 /* FileUtils.m in Sources */ = {isa = PBXBuildFile; fileRef = DFEB663615E53A3600BD53A5 /* FileUtils.m */; };
		DFEB663915E53A6000BD53A5 /* CoreData.framework in Frameworks */ = {isa = PBXBuildFile; fileRef = DFEB663815E53A6000BD53A5 /* CoreData.framework */; };
/* End PBXBuildFile section */

/* Begin PBXContainerItemProxy section */
		DFD6DA4C15E5160B00A7A6E7 /* PBXContainerItemProxy */ = {
			isa = PBXContainerItemProxy;
			containerPortal = DFD6DA1D15E5160A00A7A6E7 /* Project object */;
			proxyType = 1;
			remoteGlobalIDString = DFD6DA2515E5160B00A7A6E7;
			remoteInfo = beautyReader;
		};
/* End PBXContainerItemProxy section */

/* Begin PBXFileReference section */
		5E012FF915E60A210070BF05 /* FTAnimation.h */ = {isa = PBXFileReference; fileEncoding = 4; lastKnownFileType = sourcecode.c.h; name = FTAnimation.h; path = foundation/FTAnimation/FTAnimation.h; sourceTree = "<group>"; };
		5E012FFA15E60A210070BF05 /* FTAnimation+UIView.h */ = {isa = PBXFileReference; fileEncoding = 4; lastKnownFileType = sourcecode.c.h; name = "FTAnimation+UIView.h"; path = "foundation/FTAnimation/FTAnimation+UIView.h"; sourceTree = "<group>"; };
		5E012FFB15E60A210070BF05 /* FTAnimation+UIView.m */ = {isa = PBXFileReference; fileEncoding = 4; lastKnownFileType = sourcecode.c.objc; name = "FTAnimation+UIView.m"; path = "foundation/FTAnimation/FTAnimation+UIView.m"; sourceTree = "<group>"; };
		5E012FFC15E60A210070BF05 /* FTAnimationManager.h */ = {isa = PBXFileReference; fileEncoding = 4; lastKnownFileType = sourcecode.c.h; name = FTAnimationManager.h; path = foundation/FTAnimation/FTAnimationManager.h; sourceTree = "<group>"; };
		5E012FFD15E60A210070BF05 /* FTAnimationManager.m */ = {isa = PBXFileReference; fileEncoding = 4; lastKnownFileType = sourcecode.c.objc; name = FTAnimationManager.m; path = foundation/FTAnimation/FTAnimationManager.m; sourceTree = "<group>"; };
		5E012FFE15E60A210070BF05 /* FTUtils.h */ = {isa = PBXFileReference; fileEncoding = 4; lastKnownFileType = sourcecode.c.h; name = FTUtils.h; path = foundation/FTAnimation/FTUtils.h; sourceTree = "<group>"; };
		5E012FFF15E60A210070BF05 /* FTUtils+NSObject.h */ = {isa = PBXFileReference; fileEncoding = 4; lastKnownFileType = sourcecode.c.h; name = "FTUtils+NSObject.h"; path = "foundation/FTAnimation/FTUtils+NSObject.h"; sourceTree = "<group>"; };
		5E01300015E60A210070BF05 /* FTUtils+NSObject.m */ = {isa = PBXFileReference; fileEncoding = 4; lastKnownFileType = sourcecode.c.objc; name = "FTUtils+NSObject.m"; path = "foundation/FTAnimation/FTUtils+NSObject.m"; sourceTree = "<group>"; };
		5E01300415E60A400070BF05 /* QuartzCore.framework */ = {isa = PBXFileReference; lastKnownFileType = wrapper.framework; name = QuartzCore.framework; path = System/Library/Frameworks/QuartzCore.framework; sourceTree = SDKROOT; };
		5E01303515E61DA70070BF05 /* 01.mp3 */ = {isa = PBXFileReference; lastKnownFileType = audio.mp3; name = 01.mp3; path = resources/01.mp3; sourceTree = "<group>"; };
		5E01303715E624A20070BF05 /* SystemInitialize.h */ = {isa = PBXFileReference; fileEncoding = 4; lastKnownFileType = sourcecode.c.h; name = SystemInitialize.h; path = foundation/utils/SystemInitialize.h; sourceTree = "<group>"; };
		5E01303815E624A20070BF05 /* SystemInitialize.m */ = {isa = PBXFileReference; fileEncoding = 4; lastKnownFileType = sourcecode.c.objc; name = SystemInitialize.m; path = foundation/utils/SystemInitialize.m; sourceTree = "<group>"; };
		5E01303F15E626EF0070BF05 /* ChapterPO.h */ = {isa = PBXFileReference; fileEncoding = 4; lastKnownFileType = sourcecode.c.h; name = ChapterPO.h; path = model/PO/ChapterPO.h; sourceTree = "<group>"; };
		5E01304015E626EF0070BF05 /* ChapterPO.m */ = {isa = PBXFileReference; fileEncoding = 4; lastKnownFileType = sourcecode.c.objc; name = ChapterPO.m; path = model/PO/ChapterPO.m; sourceTree = "<group>"; };
		5E01305115E62FB30070BF05 /* autumn.xml */ = {isa = PBXFileReference; fileEncoding = 4; lastKnownFileType = text.xml; name = autumn.xml; path = config/autumn.xml; sourceTree = "<group>"; };
		5E01305215E62FB30070BF05 /* spring.xml */ = {isa = PBXFileReference; fileEncoding = 4; lastKnownFileType = text.xml; name = spring.xml; path = config/spring.xml; sourceTree = "<group>"; };
		5E01305315E62FB30070BF05 /* summer.xml */ = {isa = PBXFileReference; fileEncoding = 4; lastKnownFileType = text.xml; name = summer.xml; path = config/summer.xml; sourceTree = "<group>"; };
		5E01305415E62FB30070BF05 /* winter.xml */ = {isa = PBXFileReference; fileEncoding = 4; lastKnownFileType = text.xml; name = winter.xml; path = config/winter.xml; sourceTree = "<group>"; };
		5E01305D15E62FDB0070BF05 /* 01词汇.txt */ = {isa = PBXFileReference; fileEncoding = 4; lastKnownFileType = text; name = "01词汇.txt"; path = "resources/01词汇.txt"; sourceTree = "<group>"; };
		5E01305E15E62FDB0070BF05 /* 01翻译.txt */ = {isa = PBXFileReference; fileEncoding = 4; lastKnownFileType = text; name = "01翻译.txt"; path = "resources/01翻译.txt"; sourceTree = "<group>"; };
		5E01305F15E62FDB0070BF05 /* 01句子.txt */ = {isa = PBXFileReference; fileEncoding = 4; lastKnownFileType = text; name = "01句子.txt"; path = "resources/01句子.txt"; sourceTree = "<group>"; };
		5E01306015E62FDB0070BF05 /* 01英汉.txt */ = {isa = PBXFileReference; fileEncoding = 4; lastKnownFileType = text; name = "01英汉.txt"; path = "resources/01英汉.txt"; sourceTree = "<group>"; };
		5E01306115E62FDB0070BF05 /* 01原文.txt */ = {isa = PBXFileReference; fileEncoding = 4; lastKnownFileType = text; name = "01原文.txt"; path = "resources/01原文.txt"; sourceTree = "<group>"; };
		5E01307115E635070070BF05 /* coreData.xcdatamodel */ = {isa = PBXFileReference; lastKnownFileType = wrapper.xcdatamodel; path = coreData.xcdatamodel; sourceTree = "<group>"; };
		5E7345C115ECC91E00F7AD79 /* MCSegmentedControl.h */ = {isa = PBXFileReference; fileEncoding = 4; lastKnownFileType = sourcecode.c.h; name = MCSegmentedControl.h; path = foundation/utils/MCSegmentedControl.h; sourceTree = "<group>"; };
		5E7345C215ECC91E00F7AD79 /* MCSegmentedControl.m */ = {isa = PBXFileReference; fileEncoding = 4; lastKnownFileType = sourcecode.c.objc; name = MCSegmentedControl.m; path = foundation/utils/MCSegmentedControl.m; sourceTree = "<group>"; };
		5E7345C515ECC94500F7AD79 /* FavoritesViewController.h */ = {isa = PBXFileReference; fileEncoding = 4; lastKnownFileType = sourcecode.c.h; name = FavoritesViewController.h; path = controller/FavoritesViewController.h; sourceTree = "<group>"; };
		5E7345C615ECC94500F7AD79 /* FavoritesViewController.m */ = {isa = PBXFileReference; fileEncoding = 4; lastKnownFileType = sourcecode.c.objc; name = FavoritesViewController.m; path = controller/FavoritesViewController.m; sourceTree = "<group>"; };
		5E7345C815ECC96000F7AD79 /* FavoritesView.h */ = {isa = PBXFileReference; fileEncoding = 4; lastKnownFileType = sourcecode.c.h; name = FavoritesView.h; path = view/FavoritesView.h; sourceTree = "<group>"; };
		5E7345C915ECC96000F7AD79 /* FavoritesView.m */ = {isa = PBXFileReference; fileEncoding = 4; lastKnownFileType = sourcecode.c.objc; name = FavoritesView.m; path = view/FavoritesView.m; sourceTree = "<group>"; };
		5E7345CB15ECCA9B00F7AD79 /* WordListView.h */ = {isa = PBXFileReference; fileEncoding = 4; lastKnownFileType = sourcecode.c.h; name = WordListView.h; path = view/WordListView.h; sourceTree = "<group>"; };
		5E7345CC15ECCA9B00F7AD79 /* WordListView.m */ = {isa = PBXFileReference; fileEncoding = 4; lastKnownFileType = sourcecode.c.objc; name = WordListView.m; path = view/WordListView.m; sourceTree = "<group>"; };
		5E7345CE15ECCAAE00F7AD79 /* SentenceListView.h */ = {isa = PBXFileReference; fileEncoding = 4; lastKnownFileType = sourcecode.c.h; name = SentenceListView.h; path = view/SentenceListView.h; sourceTree = "<group>"; };
		5E7345CF15ECCAAE00F7AD79 /* SentenceListView.m */ = {isa = PBXFileReference; fileEncoding = 4; lastKnownFileType = sourcecode.c.objc; name = SentenceListView.m; path = view/SentenceListView.m; sourceTree = "<group>"; };
		5E7345DD15EE008100F7AD79 /* SentenceViewController.h */ = {isa = PBXFileReference; fileEncoding = 4; lastKnownFileType = sourcecode.c.h; name = SentenceViewController.h; path = controller/SentenceViewController.h; sourceTree = "<group>"; };
		5E7345DE15EE008100F7AD79 /* SentenceViewController.m */ = {isa = PBXFileReference; fileEncoding = 4; lastKnownFileType = sourcecode.c.objc; name = SentenceViewController.m; path = controller/SentenceViewController.m; sourceTree = "<group>"; };
		5E98EF1915EB7724002AACCC /* ReaderView.h */ = {isa = PBXFileReference; fileEncoding = 4; lastKnownFileType = sourcecode.c.h; name = ReaderView.h; path = view/ReaderView.h; sourceTree = "<group>"; };
		5E98EF1A15EB7724002AACCC /* ReaderView.m */ = {isa = PBXFileReference; fileEncoding = 4; lastKnownFileType = sourcecode.c.objc; name = ReaderView.m; path = view/ReaderView.m; sourceTree = "<group>"; };
		5E98EF2515EC7278002AACCC /* ToolsBar.h */ = {isa = PBXFileReference; fileEncoding = 4; lastKnownFileType = sourcecode.c.h; name = ToolsBar.h; path = view/ToolsBar.h; sourceTree = "<group>"; };
		5E98EF2615EC7278002AACCC /* ToolsBar.m */ = {isa = PBXFileReference; fileEncoding = 4; lastKnownFileType = sourcecode.c.objc; name = ToolsBar.m; path = view/ToolsBar.m; sourceTree = "<group>"; };
		5E98EF2915EC9EE3002AACCC /* WordTranslateView.h */ = {isa = PBXFileReference; fileEncoding = 4; lastKnownFileType = sourcecode.c.h; name = WordTranslateView.h; path = view/WordTranslateView.h; sourceTree = "<group>"; };
		5E98EF2A15EC9EE4002AACCC /* WordTranslateView.m */ = {isa = PBXFileReference; fileEncoding = 4; lastKnownFileType = sourcecode.c.objc; name = WordTranslateView.m; path = view/WordTranslateView.m; sourceTree = "<group>"; };
		5EA7836D15E608500099C166 /* RegexKitLite.h */ = {isa = PBXFileReference; fileEncoding = 4; lastKnownFileType = sourcecode.c.h; name = RegexKitLite.h; path = foundation/RegexKitLite/RegexKitLite.h; sourceTree = "<group>"; };
		5EA7836E15E608500099C166 /* RegexKitLite.m */ = {isa = PBXFileReference; fileEncoding = 4; lastKnownFileType = sourcecode.c.objc; name = RegexKitLite.m; path = foundation/RegexKitLite/RegexKitLite.m; sourceTree = "<group>"; };
		5EA7836F15E608500099C166 /* RKLMatchEnumerator.h */ = {isa = PBXFileReference; fileEncoding = 4; lastKnownFileType = sourcecode.c.h; name = RKLMatchEnumerator.h; path = foundation/RegexKitLite/RKLMatchEnumerator.h; sourceTree = "<group>"; };
		5EA7837015E608500099C166 /* RKLMatchEnumerator.m */ = {isa = PBXFileReference; fileEncoding = 4; lastKnownFileType = sourcecode.c.objc; name = RKLMatchEnumerator.m; path = foundation/RegexKitLite/RKLMatchEnumerator.m; sourceTree = "<group>"; };
		5EA7837315E608960099C166 /* IFTweetLabel.h */ = {isa = PBXFileReference; fileEncoding = 4; lastKnownFileType = sourcecode.c.h; name = IFTweetLabel.h; path = foundation/utils/IFTweetLabel.h; sourceTree = "<group>"; };
		5EA7837415E608960099C166 /* IFTweetLabel.m */ = {isa = PBXFileReference; fileEncoding = 4; lastKnownFileType = sourcecode.c.objc; name = IFTweetLabel.m; path = foundation/utils/IFTweetLabel.m; sourceTree = "<group>"; };
		5EA7837615E608B10099C166 /* libicucore.A.dylib */ = {isa = PBXFileReference; lastKnownFileType = "compiled.mach-o.dylib"; name = libicucore.A.dylib; path = usr/lib/libicucore.A.dylib; sourceTree = SDKROOT; };
		DF30EEA115ED17150080DD6C /* MBProgressHUD.h */ = {isa = PBXFileReference; fileEncoding = 4; lastKnownFileType = sourcecode.c.h; name = MBProgressHUD.h; path = foundation/utils/MBProgressHUD.h; sourceTree = "<group>"; };
		DF30EEA215ED17150080DD6C /* MBProgressHUD.m */ = {isa = PBXFileReference; fileEncoding = 4; lastKnownFileType = sourcecode.c.objc; name = MBProgressHUD.m; path = foundation/utils/MBProgressHUD.m; sourceTree = "<group>"; };
		DFC5DE7415EA009200DCE9BE /* MainView.h */ = {isa = PBXFileReference; fileEncoding = 4; lastKnownFileType = sourcecode.c.h; name = MainView.h; path = view/MainView.h; sourceTree = "<group>"; };
		DFC5DE7515EA009200DCE9BE /* MainView.m */ = {isa = PBXFileReference; fileEncoding = 4; lastKnownFileType = sourcecode.c.objc; name = MainView.m; path = view/MainView.m; sourceTree = "<group>"; };
		DFC5DE7715EA122800DCE9BE /* FirstLevelMenuController.h */ = {isa = PBXFileReference; fileEncoding = 4; lastKnownFileType = sourcecode.c.h; name = FirstLevelMenuController.h; path = controller/FirstLevelMenuController.h; sourceTree = "<group>"; };
		DFC5DE7815EA122800DCE9BE /* FirstLevelMenuController.m */ = {isa = PBXFileReference; fileEncoding = 4; lastKnownFileType = sourcecode.c.objc; name = FirstLevelMenuController.m; path = controller/FirstLevelMenuController.m; sourceTree = "<group>"; };
		DFC5DE7A15EA142A00DCE9BE /* FirstLevelMenuView.h */ = {isa = PBXFileReference; fileEncoding = 4; lastKnownFileType = sourcecode.c.h; name = FirstLevelMenuView.h; path = view/FirstLevelMenuView.h; sourceTree = "<group>"; };
		DFC5DE7B15EA142A00DCE9BE /* FirstLevelMenuView.m */ = {isa = PBXFileReference; fileEncoding = 4; lastKnownFileType = sourcecode.c.objc; name = FirstLevelMenuView.m; path = view/FirstLevelMenuView.m; sourceTree = "<group>"; };
		DFC5DE7E15EA16AA00DCE9BE /* SubjectService.h */ = {isa = PBXFileReference; fileEncoding = 4; lastKnownFileType = sourcecode.c.h; name = SubjectService.h; path = model/service/SubjectService.h; sourceTree = "<group>"; };
		DFC5DE7F15EA16AA00DCE9BE /* SubjectService.m */ = {isa = PBXFileReference; fileEncoding = 4; lastKnownFileType = sourcecode.c.objc; name = SubjectService.m; path = model/service/SubjectService.m; sourceTree = "<group>"; };
		DFC5DE8215EA1C2300DCE9BE /* FirstLevelMenuCell.h */ = {isa = PBXFileReference; fileEncoding = 4; lastKnownFileType = sourcecode.c.h; name = FirstLevelMenuCell.h; path = view/FirstLevelMenuCell.h; sourceTree = "<group>"; };
		DFC5DE8315EA1C2300DCE9BE /* FirstLevelMenuCell.m */ = {isa = PBXFileReference; fileEncoding = 4; lastKnownFileType = sourcecode.c.objc; name = FirstLevelMenuCell.m; path = view/FirstLevelMenuCell.m; sourceTree = "<group>"; };
		DFC5DE8C15EA2DB200DCE9BE /* WORD.h */ = {isa = PBXFileReference; fileEncoding = 4; lastKnownFileType = sourcecode.c.h; name = WORD.h; path = model/coreData/WORD.h; sourceTree = "<group>"; };
		DFC5DE8D15EA2DB200DCE9BE /* WORD.m */ = {isa = PBXFileReference; fileEncoding = 4; lastKnownFileType = sourcecode.c.objc; name = WORD.m; path = model/coreData/WORD.m; sourceTree = "<group>"; };
		DFC5DE8F15EA2DB300DCE9BE /* SUBJECT.h */ = {isa = PBXFileReference; fileEncoding = 4; lastKnownFileType = sourcecode.c.h; name = SUBJECT.h; path = model/coreData/SUBJECT.h; sourceTree = "<group>"; };
		DFC5DE9015EA2DB400DCE9BE /* SUBJECT.m */ = {isa = PBXFileReference; fileEncoding = 4; lastKnownFileType = sourcecode.c.objc; name = SUBJECT.m; path = model/coreData/SUBJECT.m; sourceTree = "<group>"; };
		DFC5DE9215EA2DB600DCE9BE /* SENTENCE.h */ = {isa = PBXFileReference; fileEncoding = 4; lastKnownFileType = sourcecode.c.h; name = SENTENCE.h; path = model/coreData/SENTENCE.h; sourceTree = "<group>"; };
		DFC5DE9315EA2DB800DCE9BE /* SENTENCE.m */ = {isa = PBXFileReference; fileEncoding = 4; lastKnownFileType = sourcecode.c.objc; name = SENTENCE.m; path = model/coreData/SENTENCE.m; sourceTree = "<group>"; };
		DFC5DE9515EA2DBA00DCE9BE /* CHAPTER.h */ = {isa = PBXFileReference; fileEncoding = 4; lastKnownFileType = sourcecode.c.h; name = CHAPTER.h; path = model/coreData/CHAPTER.h; sourceTree = "<group>"; };
		DFC5DE9615EA2DBC00DCE9BE /* CHAPTER.m */ = {isa = PBXFileReference; fileEncoding = 4; lastKnownFileType = sourcecode.c.objc; name = CHAPTER.m; path = model/coreData/CHAPTER.m; sourceTree = "<group>"; };
		DFC5DE9815EA2DBF00DCE9BE /* GAME.h */ = {isa = PBXFileReference; fileEncoding = 4; lastKnownFileType = sourcecode.c.h; name = GAME.h; path = model/coreData/GAME.h; sourceTree = "<group>"; };
		DFC5DE9915EA2DCB00DCE9BE /* GAME.m */ = {isa = PBXFileReference; fileEncoding = 4; lastKnownFileType = sourcecode.c.objc; name = GAME.m; path = model/coreData/GAME.m; sourceTree = "<group>"; };
		DFC5DEA215EA327C00DCE9BE /* sql.sqlite */ = {isa = PBXFileReference; lastKnownFileType = file; name = sql.sqlite; path = model/coreData/sql.sqlite; sourceTree = "<group>"; };
		DFC5DEA415EA35E100DCE9BE /* SecondLevelMenuController.h */ = {isa = PBXFileReference; fileEncoding = 4; lastKnownFileType = sourcecode.c.h; name = SecondLevelMenuController.h; path = controller/SecondLevelMenuController.h; sourceTree = "<group>"; };
		DFC5DEA515EA35E100DCE9BE /* SecondLevelMenuController.m */ = {isa = PBXFileReference; fileEncoding = 4; lastKnownFileType = sourcecode.c.objc; name = SecondLevelMenuController.m; path = controller/SecondLevelMenuController.m; sourceTree = "<group>"; };
		DFC5DEA715EA360000DCE9BE /* SecondLevelMenuView.h */ = {isa = PBXFileReference; fileEncoding = 4; lastKnownFileType = sourcecode.c.h; name = SecondLevelMenuView.h; path = view/SecondLevelMenuView.h; sourceTree = "<group>"; };
		DFC5DEA815EA360000DCE9BE /* SecondLevelMenuView.m */ = {isa = PBXFileReference; fileEncoding = 4; lastKnownFileType = sourcecode.c.objc; name = SecondLevelMenuView.m; path = view/SecondLevelMenuView.m; sourceTree = "<group>"; };
		DFC5DEAA15EA37CE00DCE9BE /* SecondLevelMenuCell.h */ = {isa = PBXFileReference; fileEncoding = 4; lastKnownFileType = sourcecode.c.h; name = SecondLevelMenuCell.h; path = view/SecondLevelMenuCell.h; sourceTree = "<group>"; };
		DFC5DEAB15EA37CE00DCE9BE /* SecondLevelMenuCell.m */ = {isa = PBXFileReference; fileEncoding = 4; lastKnownFileType = sourcecode.c.objc; name = SecondLevelMenuCell.m; path = view/SecondLevelMenuCell.m; sourceTree = "<group>"; };
		DFC5DEAD15EA3D2A00DCE9BE /* ChapterService.h */ = {isa = PBXFileReference; fileEncoding = 4; lastKnownFileType = sourcecode.c.h; name = ChapterService.h; path = model/service/ChapterService.h; sourceTree = "<group>"; };
		DFC5DEAE15EA3D2A00DCE9BE /* ChapterService.m */ = {isa = PBXFileReference; fileEncoding = 4; lastKnownFileType = sourcecode.c.objc; name = ChapterService.m; path = model/service/ChapterService.m; sourceTree = "<group>"; };
		DFC5DEB415EA62BA00DCE9BE /* ReadViewController.h */ = {isa = PBXFileReference; fileEncoding = 4; lastKnownFileType = sourcecode.c.h; name = ReadViewController.h; path = controller/ReadViewController.h; sourceTree = "<group>"; };
		DFC5DEB515EA62BA00DCE9BE /* ReadViewController.m */ = {isa = PBXFileReference; fileEncoding = 4; lastKnownFileType = sourcecode.c.objc; name = ReadViewController.m; path = controller/ReadViewController.m; sourceTree = "<group>"; };
		DFD6DA2615E5160B00A7A6E7 /* beautyReader.app */ = {isa = PBXFileReference; explicitFileType = wrapper.application; includeInIndex = 0; path = beautyReader.app; sourceTree = BUILT_PRODUCTS_DIR; };
		DFD6DA2A15E5160B00A7A6E7 /* UIKit.framework */ = {isa = PBXFileReference; lastKnownFileType = wrapper.framework; name = UIKit.framework; path = System/Library/Frameworks/UIKit.framework; sourceTree = SDKROOT; };
		DFD6DA2C15E5160B00A7A6E7 /* Foundation.framework */ = {isa = PBXFileReference; lastKnownFileType = wrapper.framework; name = Foundation.framework; path = System/Library/Frameworks/Foundation.framework; sourceTree = SDKROOT; };
		DFD6DA2E15E5160B00A7A6E7 /* CoreGraphics.framework */ = {isa = PBXFileReference; lastKnownFileType = wrapper.framework; name = CoreGraphics.framework; path = System/Library/Frameworks/CoreGraphics.framework; sourceTree = SDKROOT; };
		DFD6DA3215E5160B00A7A6E7 /* beautyReader-Info.plist */ = {isa = PBXFileReference; lastKnownFileType = text.plist.xml; path = "beautyReader-Info.plist"; sourceTree = "<group>"; };
		DFD6DA3415E5160B00A7A6E7 /* en */ = {isa = PBXFileReference; lastKnownFileType = text.plist.strings; name = en; path = en.lproj/InfoPlist.strings; sourceTree = "<group>"; };
		DFD6DA3615E5160B00A7A6E7 /* main.m */ = {isa = PBXFileReference; lastKnownFileType = sourcecode.c.objc; path = main.m; sourceTree = "<group>"; };
		DFD6DA3815E5160B00A7A6E7 /* beautyReader-Prefix.pch */ = {isa = PBXFileReference; lastKnownFileType = sourcecode.c.h; path = "beautyReader-Prefix.pch"; sourceTree = "<group>"; };
		DFD6DA4715E5160B00A7A6E7 /* beautyReaderTests.octest */ = {isa = PBXFileReference; explicitFileType = wrapper.cfbundle; includeInIndex = 0; path = beautyReaderTests.octest; sourceTree = BUILT_PRODUCTS_DIR; };
		DFD6DA4815E5160B00A7A6E7 /* SenTestingKit.framework */ = {isa = PBXFileReference; lastKnownFileType = wrapper.framework; name = SenTestingKit.framework; path = Library/Frameworks/SenTestingKit.framework; sourceTree = DEVELOPER_DIR; };
		DFD6DA5015E5160B00A7A6E7 /* beautyReaderTests-Info.plist */ = {isa = PBXFileReference; lastKnownFileType = text.plist.xml; path = "beautyReaderTests-Info.plist"; sourceTree = "<group>"; };
		DFD6DA5215E5160B00A7A6E7 /* en */ = {isa = PBXFileReference; lastKnownFileType = text.plist.strings; name = en; path = en.lproj/InfoPlist.strings; sourceTree = "<group>"; };
		DFD6DA5415E5160B00A7A6E7 /* beautyReaderTests.h */ = {isa = PBXFileReference; lastKnownFileType = sourcecode.c.h; path = beautyReaderTests.h; sourceTree = "<group>"; };
		DFD6DA5515E5160B00A7A6E7 /* beautyReaderTests.m */ = {isa = PBXFileReference; lastKnownFileType = sourcecode.c.objc; path = beautyReaderTests.m; sourceTree = "<group>"; };
		DFDA4F2115EBB1FD00293526 /* PlayBar.h */ = {isa = PBXFileReference; fileEncoding = 4; lastKnownFileType = sourcecode.c.h; name = PlayBar.h; path = view/PlayBar.h; sourceTree = "<group>"; };
		DFDA4F2215EBB1FD00293526 /* PlayBar.m */ = {isa = PBXFileReference; fileEncoding = 4; lastKnownFileType = sourcecode.c.objc; name = PlayBar.m; path = view/PlayBar.m; sourceTree = "<group>"; };
		DFDA4F2D15EBB9F500293526 /* AVFoundation.framework */ = {isa = PBXFileReference; lastKnownFileType = wrapper.framework; name = AVFoundation.framework; path = System/Library/Frameworks/AVFoundation.framework; sourceTree = SDKROOT; };
		DFEB65F015E5369C00BD53A5 /* MainViewController.h */ = {isa = PBXFileReference; fileEncoding = 4; lastKnownFileType = sourcecode.c.h; name = MainViewController.h; path = controller/MainViewController.h; sourceTree = "<group>"; };
		DFEB65F115E5369C00BD53A5 /* MainViewController.m */ = {isa = PBXFileReference; fileEncoding = 4; lastKnownFileType = sourcecode.c.objc; name = MainViewController.m; path = controller/MainViewController.m; sourceTree = "<group>"; };
		DFEB65F315E536D300BD53A5 /* STAppDelegate.h */ = {isa = PBXFileReference; fileEncoding = 4; lastKnownFileType = sourcecode.c.h; name = STAppDelegate.h; path = model/STAppDelegate.h; sourceTree = "<group>"; };
		DFEB65F415E536D300BD53A5 /* STAppDelegate.m */ = {isa = PBXFileReference; fileEncoding = 4; lastKnownFileType = sourcecode.c.objc; name = STAppDelegate.m; path = model/STAppDelegate.m; sourceTree = "<group>"; };
		DFEB65FD15E537F700BD53A5 /* CTidy.h */ = {isa = PBXFileReference; fileEncoding = 4; lastKnownFileType = sourcecode.c.h; name = CTidy.h; path = foundation/touchXML/CTidy.h; sourceTree = "<group>"; };
		DFEB65FE15E537F700BD53A5 /* CTidy.m */ = {isa = PBXFileReference; fileEncoding = 4; lastKnownFileType = sourcecode.c.objc; name = CTidy.m; path = foundation/touchXML/CTidy.m; sourceTree = "<group>"; };
		DFEB65FF15E537F700BD53A5 /* CXHTMLDocument.h */ = {isa = PBXFileReference; fileEncoding = 4; lastKnownFileType = sourcecode.c.h; name = CXHTMLDocument.h; path = foundation/touchXML/CXHTMLDocument.h; sourceTree = "<group>"; };
		DFEB660015E537F700BD53A5 /* CXHTMLDocument.m */ = {isa = PBXFileReference; fileEncoding = 4; lastKnownFileType = sourcecode.c.objc; name = CXHTMLDocument.m; path = foundation/touchXML/CXHTMLDocument.m; sourceTree = "<group>"; };
		DFEB660115E537F700BD53A5 /* CXMLDocument_CreationExtensions.h */ = {isa = PBXFileReference; fileEncoding = 4; lastKnownFileType = sourcecode.c.h; name = CXMLDocument_CreationExtensions.h; path = foundation/touchXML/CXMLDocument_CreationExtensions.h; sourceTree = "<group>"; };
		DFEB660215E537F700BD53A5 /* CXMLDocument_CreationExtensions.m */ = {isa = PBXFileReference; fileEncoding = 4; lastKnownFileType = sourcecode.c.objc; name = CXMLDocument_CreationExtensions.m; path = foundation/touchXML/CXMLDocument_CreationExtensions.m; sourceTree = "<group>"; };
		DFEB660315E537F700BD53A5 /* CXMLDocument_PrivateExtensions.h */ = {isa = PBXFileReference; fileEncoding = 4; lastKnownFileType = sourcecode.c.h; name = CXMLDocument_PrivateExtensions.h; path = foundation/touchXML/CXMLDocument_PrivateExtensions.h; sourceTree = "<group>"; };
		DFEB660415E537F700BD53A5 /* CXMLDocument_PrivateExtensions.m */ = {isa = PBXFileReference; fileEncoding = 4; lastKnownFileType = sourcecode.c.objc; name = CXMLDocument_PrivateExtensions.m; path = foundation/touchXML/CXMLDocument_PrivateExtensions.m; sourceTree = "<group>"; };
		DFEB660515E537F700BD53A5 /* CXMLDocument.h */ = {isa = PBXFileReference; fileEncoding = 4; lastKnownFileType = sourcecode.c.h; name = CXMLDocument.h; path = foundation/touchXML/CXMLDocument.h; sourceTree = "<group>"; };
		DFEB660615E537F700BD53A5 /* CXMLDocument.m */ = {isa = PBXFileReference; fileEncoding = 4; lastKnownFileType = sourcecode.c.objc; name = CXMLDocument.m; path = foundation/touchXML/CXMLDocument.m; sourceTree = "<group>"; };
		DFEB660715E537F700BD53A5 /* CXMLElement_CreationExtensions.h */ = {isa = PBXFileReference; fileEncoding = 4; lastKnownFileType = sourcecode.c.h; name = CXMLElement_CreationExtensions.h; path = foundation/touchXML/CXMLElement_CreationExtensions.h; sourceTree = "<group>"; };
		DFEB660815E537F700BD53A5 /* CXMLElement_CreationExtensions.m */ = {isa = PBXFileReference; fileEncoding = 4; lastKnownFileType = sourcecode.c.objc; name = CXMLElement_CreationExtensions.m; path = foundation/touchXML/CXMLElement_CreationExtensions.m; sourceTree = "<group>"; };
		DFEB660915E537F700BD53A5 /* CXMLElement_ElementTreeExtensions.h */ = {isa = PBXFileReference; fileEncoding = 4; lastKnownFileType = sourcecode.c.h; name = CXMLElement_ElementTreeExtensions.h; path = foundation/touchXML/CXMLElement_ElementTreeExtensions.h; sourceTree = "<group>"; };
		DFEB660A15E537F700BD53A5 /* CXMLElement_ElementTreeExtensions.m */ = {isa = PBXFileReference; fileEncoding = 4; lastKnownFileType = sourcecode.c.objc; name = CXMLElement_ElementTreeExtensions.m; path = foundation/touchXML/CXMLElement_ElementTreeExtensions.m; sourceTree = "<group>"; };
		DFEB660B15E537F700BD53A5 /* CXMLElement.h */ = {isa = PBXFileReference; fileEncoding = 4; lastKnownFileType = sourcecode.c.h; name = CXMLElement.h; path = foundation/touchXML/CXMLElement.h; sourceTree = "<group>"; };
		DFEB660C15E537F700BD53A5 /* CXMLElement.m */ = {isa = PBXFileReference; fileEncoding = 4; lastKnownFileType = sourcecode.c.objc; name = CXMLElement.m; path = foundation/touchXML/CXMLElement.m; sourceTree = "<group>"; };
		DFEB660D15E537F700BD53A5 /* CXMLNamespaceNode.h */ = {isa = PBXFileReference; fileEncoding = 4; lastKnownFileType = sourcecode.c.h; name = CXMLNamespaceNode.h; path = foundation/touchXML/CXMLNamespaceNode.h; sourceTree = "<group>"; };
		DFEB660E15E537F700BD53A5 /* CXMLNamespaceNode.m */ = {isa = PBXFileReference; fileEncoding = 4; lastKnownFileType = sourcecode.c.objc; name = CXMLNamespaceNode.m; path = foundation/touchXML/CXMLNamespaceNode.m; sourceTree = "<group>"; };
		DFEB660F15E537F700BD53A5 /* CXMLNode_CreationExtensions.h */ = {isa = PBXFileReference; fileEncoding = 4; lastKnownFileType = sourcecode.c.h; name = CXMLNode_CreationExtensions.h; path = foundation/touchXML/CXMLNode_CreationExtensions.h; sourceTree = "<group>"; };
		DFEB661015E537F700BD53A5 /* CXMLNode_CreationExtensions.m */ = {isa = PBXFileReference; fileEncoding = 4; lastKnownFileType = sourcecode.c.objc; name = CXMLNode_CreationExtensions.m; path = foundation/touchXML/CXMLNode_CreationExtensions.m; sourceTree = "<group>"; };
		DFEB661115E537F700BD53A5 /* CXMLNode_PrivateExtensions.h */ = {isa = PBXFileReference; fileEncoding = 4; lastKnownFileType = sourcecode.c.h; name = CXMLNode_PrivateExtensions.h; path = foundation/touchXML/CXMLNode_PrivateExtensions.h; sourceTree = "<group>"; };
		DFEB661215E537F700BD53A5 /* CXMLNode_PrivateExtensions.m */ = {isa = PBXFileReference; fileEncoding = 4; lastKnownFileType = sourcecode.c.objc; name = CXMLNode_PrivateExtensions.m; path = foundation/touchXML/CXMLNode_PrivateExtensions.m; sourceTree = "<group>"; };
		DFEB661315E537F700BD53A5 /* CXMLNode_XPathExtensions.h */ = {isa = PBXFileReference; fileEncoding = 4; lastKnownFileType = sourcecode.c.h; name = CXMLNode_XPathExtensions.h; path = foundation/touchXML/CXMLNode_XPathExtensions.h; sourceTree = "<group>"; };
		DFEB661415E537F700BD53A5 /* CXMLNode_XPathExtensions.m */ = {isa = PBXFileReference; fileEncoding = 4; lastKnownFileType = sourcecode.c.objc; name = CXMLNode_XPathExtensions.m; path = foundation/touchXML/CXMLNode_XPathExtensions.m; sourceTree = "<group>"; };
		DFEB661515E537F700BD53A5 /* CXMLNode.h */ = {isa = PBXFileReference; fileEncoding = 4; lastKnownFileType = sourcecode.c.h; name = CXMLNode.h; path = foundation/touchXML/CXMLNode.h; sourceTree = "<group>"; };
		DFEB661615E537F700BD53A5 /* CXMLNode.m */ = {isa = PBXFileReference; fileEncoding = 4; lastKnownFileType = sourcecode.c.objc; name = CXMLNode.m; path = foundation/touchXML/CXMLNode.m; sourceTree = "<group>"; };
		DFEB661715E537F700BD53A5 /* TestParseXML.h */ = {isa = PBXFileReference; fileEncoding = 4; lastKnownFileType = sourcecode.c.h; name = TestParseXML.h; path = foundation/touchXML/TestParseXML.h; sourceTree = "<group>"; };
		DFEB661815E537F700BD53A5 /* TestParseXML.m */ = {isa = PBXFileReference; fileEncoding = 4; lastKnownFileType = sourcecode.c.objc; name = TestParseXML.m; path = foundation/touchXML/TestParseXML.m; sourceTree = "<group>"; };
		DFEB661915E537F700BD53A5 /* TouchXML.h */ = {isa = PBXFileReference; fileEncoding = 4; lastKnownFileType = sourcecode.c.h; name = TouchXML.h; path = foundation/touchXML/TouchXML.h; sourceTree = "<group>"; };
		DFEB661A15E537F700BD53A5 /* XMLCreateFactory.h */ = {isa = PBXFileReference; fileEncoding = 4; lastKnownFileType = sourcecode.c.h; name = XMLCreateFactory.h; path = foundation/touchXML/XMLCreateFactory.h; sourceTree = "<group>"; };
		DFEB661B15E537F700BD53A5 /* XMLCreateFactory.m */ = {isa = PBXFileReference; fileEncoding = 4; lastKnownFileType = sourcecode.c.objc; name = XMLCreateFactory.m; path = foundation/touchXML/XMLCreateFactory.m; sourceTree = "<group>"; };
		DFEB661C15E537F700BD53A5 /* XMLParseFactory.h */ = {isa = PBXFileReference; fileEncoding = 4; lastKnownFileType = sourcecode.c.h; name = XMLParseFactory.h; path = foundation/touchXML/XMLParseFactory.h; sourceTree = "<group>"; };
		DFEB661D15E537F700BD53A5 /* XMLParseFactory.m */ = {isa = PBXFileReference; fileEncoding = 4; lastKnownFileType = sourcecode.c.objc; name = XMLParseFactory.m; path = foundation/touchXML/XMLParseFactory.m; sourceTree = "<group>"; };
		DFEB662E15E5388800BD53A5 /* libxml2.dylib */ = {isa = PBXFileReference; lastKnownFileType = "compiled.mach-o.dylib"; name = libxml2.dylib; path = usr/lib/libxml2.dylib; sourceTree = SDKROOT; };
		DFEB663115E539BD00BD53A5 /* CoreDataFactory.h */ = {isa = PBXFileReference; fileEncoding = 4; lastKnownFileType = sourcecode.c.h; name = CoreDataFactory.h; path = model/coreData/CoreDataFactory.h; sourceTree = "<group>"; };
		DFEB663215E539BD00BD53A5 /* CoreDataFactory.m */ = {isa = PBXFileReference; fileEncoding = 4; lastKnownFileType = sourcecode.c.objc; name = CoreDataFactory.m; path = model/coreData/CoreDataFactory.m; sourceTree = "<group>"; };
		DFEB663515E53A3600BD53A5 /* FileUtils.h */ = {isa = PBXFileReference; fileEncoding = 4; lastKnownFileType = sourcecode.c.h; name = FileUtils.h; path = foundation/utils/FileUtils.h; sourceTree = "<group>"; };
		DFEB663615E53A3600BD53A5 /* FileUtils.m */ = {isa = PBXFileReference; fileEncoding = 4; lastKnownFileType = sourcecode.c.objc; name = FileUtils.m; path = foundation/utils/FileUtils.m; sourceTree = "<group>"; };
		DFEB663815E53A6000BD53A5 /* CoreData.framework */ = {isa = PBXFileReference; lastKnownFileType = wrapper.framework; name = CoreData.framework; path = System/Library/Frameworks/CoreData.framework; sourceTree = SDKROOT; };
/* End PBXFileReference section */

/* Begin PBXFrameworksBuildPhase section */
		DFD6DA2315E5160B00A7A6E7 /* Frameworks */ = {
			isa = PBXFrameworksBuildPhase;
			buildActionMask = 2147483647;
			files = (
				DFDA4F2E15EBB9F500293526 /* AVFoundation.framework in Frameworks */,
				5E01300515E60A400070BF05 /* QuartzCore.framework in Frameworks */,
				5EA7837715E608B10099C166 /* libicucore.A.dylib in Frameworks */,
				DFEB663915E53A6000BD53A5 /* CoreData.framework in Frameworks */,
				DFEB662F15E5388800BD53A5 /* libxml2.dylib in Frameworks */,
				DFD6DA2B15E5160B00A7A6E7 /* UIKit.framework in Frameworks */,
				DFD6DA2D15E5160B00A7A6E7 /* Foundation.framework in Frameworks */,
				DFD6DA2F15E5160B00A7A6E7 /* CoreGraphics.framework in Frameworks */,
			);
			runOnlyForDeploymentPostprocessing = 0;
		};
		DFD6DA4315E5160B00A7A6E7 /* Frameworks */ = {
			isa = PBXFrameworksBuildPhase;
			buildActionMask = 2147483647;
			files = (
				DFD6DA4915E5160B00A7A6E7 /* SenTestingKit.framework in Frameworks */,
				DFD6DA4A15E5160B00A7A6E7 /* UIKit.framework in Frameworks */,
				DFD6DA4B15E5160B00A7A6E7 /* Foundation.framework in Frameworks */,
			);
			runOnlyForDeploymentPostprocessing = 0;
		};
/* End PBXFrameworksBuildPhase section */

/* Begin PBXGroup section */
		5E012FF815E609E80070BF05 /* FTAnimation */ = {
			isa = PBXGroup;
			children = (
				5E012FF915E60A210070BF05 /* FTAnimation.h */,
				5E012FFA15E60A210070BF05 /* FTAnimation+UIView.h */,
				5E012FFB15E60A210070BF05 /* FTAnimation+UIView.m */,
				5E012FFC15E60A210070BF05 /* FTAnimationManager.h */,
				5E012FFD15E60A210070BF05 /* FTAnimationManager.m */,
				5E012FFE15E60A210070BF05 /* FTUtils.h */,
				5E012FFF15E60A210070BF05 /* FTUtils+NSObject.h */,
				5E01300015E60A210070BF05 /* FTUtils+NSObject.m */,
			);
			name = FTAnimation;
			sourceTree = "<group>";
		};
		5E01300F15E60DD20070BF05 /* config */ = {
			isa = PBXGroup;
			children = (
			);
			name = config;
			sourceTree = "<group>";
		};
		5E01301015E60DF60070BF05 /* resources */ = {
			isa = PBXGroup;
			children = (
				5E01303515E61DA70070BF05 /* 01.mp3 */,
			);
			name = resources;
			sourceTree = "<group>";
		};
		5E01301C15E61B6D0070BF05 /* config */ = {
			isa = PBXGroup;
			children = (
				5E01305115E62FB30070BF05 /* autumn.xml */,
				5E01305215E62FB30070BF05 /* spring.xml */,
				5E01305315E62FB30070BF05 /* summer.xml */,
				5E01305415E62FB30070BF05 /* winter.xml */,
			);
			name = config;
			sourceTree = "<group>";
		};
		5E01301D15E61BB60070BF05 /* resources */ = {
			isa = PBXGroup;
			children = (
				5E01305D15E62FDB0070BF05 /* 01词汇.txt */,
				5E01305E15E62FDB0070BF05 /* 01翻译.txt */,
				5E01305F15E62FDB0070BF05 /* 01句子.txt */,
				5E01306015E62FDB0070BF05 /* 01英汉.txt */,
				5E01306115E62FDB0070BF05 /* 01原文.txt */,
			);
			name = resources;
			sourceTree = "<group>";
		};
		5E01303E15E626A60070BF05 /* PO */ = {
			isa = PBXGroup;
			children = (
				5E01303F15E626EF0070BF05 /* ChapterPO.h */,
				5E01304015E626EF0070BF05 /* ChapterPO.m */,
			);
			name = PO;
			sourceTree = "<group>";
		};
		5EA7836B15E608170099C166 /* RegexKitLite */ = {
			isa = PBXGroup;
			children = (
				5EA7836D15E608500099C166 /* RegexKitLite.h */,
				5EA7836E15E608500099C166 /* RegexKitLite.m */,
				5EA7836F15E608500099C166 /* RKLMatchEnumerator.h */,
				5EA7837015E608500099C166 /* RKLMatchEnumerator.m */,
			);
			name = RegexKitLite;
			sourceTree = "<group>";
		};
		DFC5DE7D15EA167A00DCE9BE /* service */ = {
			isa = PBXGroup;
			children = (
				DFC5DE7E15EA16AA00DCE9BE /* SubjectService.h */,
				DFC5DE7F15EA16AA00DCE9BE /* SubjectService.m */,
				DFC5DEAD15EA3D2A00DCE9BE /* ChapterService.h */,
				DFC5DEAE15EA3D2A00DCE9BE /* ChapterService.m */,
			);
			name = service;
			sourceTree = "<group>";
		};
		DFC5DE8115EA1BF900DCE9BE /* cell */ = {
			isa = PBXGroup;
			children = (
				DFC5DE8215EA1C2300DCE9BE /* FirstLevelMenuCell.h */,
				DFC5DE8315EA1C2300DCE9BE /* FirstLevelMenuCell.m */,
				DFC5DEAA15EA37CE00DCE9BE /* SecondLevelMenuCell.h */,
				DFC5DEAB15EA37CE00DCE9BE /* SecondLevelMenuCell.m */,
			);
			name = cell;
			sourceTree = "<group>";
		};
		DFD6DA1B15E5160A00A7A6E7 = {
			isa = PBXGroup;
			children = (
				DFD6DA3015E5160B00A7A6E7 /* beautyReader */,
				DFD6DA4E15E5160B00A7A6E7 /* beautyReaderTests */,
				DFD6DA2915E5160B00A7A6E7 /* Frameworks */,
				DFD6DA2715E5160B00A7A6E7 /* Products */,
			);
			sourceTree = "<group>";
		};
		DFD6DA2715E5160B00A7A6E7 /* Products */ = {
			isa = PBXGroup;
			children = (
				DFD6DA2615E5160B00A7A6E7 /* beautyReader.app */,
				DFD6DA4715E5160B00A7A6E7 /* beautyReaderTests.octest */,
			);
			name = Products;
			sourceTree = "<group>";
		};
		DFD6DA2915E5160B00A7A6E7 /* Frameworks */ = {
			isa = PBXGroup;
			children = (
				5EA7837615E608B10099C166 /* libicucore.A.dylib */,
				DFEB662E15E5388800BD53A5 /* libxml2.dylib */,
				DFDA4F2D15EBB9F500293526 /* AVFoundation.framework */,
				5E01300415E60A400070BF05 /* QuartzCore.framework */,
				DFEB663815E53A6000BD53A5 /* CoreData.framework */,
				DFD6DA2A15E5160B00A7A6E7 /* UIKit.framework */,
				DFD6DA2C15E5160B00A7A6E7 /* Foundation.framework */,
				DFD6DA2E15E5160B00A7A6E7 /* CoreGraphics.framework */,
				DFD6DA4815E5160B00A7A6E7 /* SenTestingKit.framework */,
			);
			name = Frameworks;
			sourceTree = "<group>";
		};
		DFD6DA3015E5160B00A7A6E7 /* beautyReader */ = {
			isa = PBXGroup;
			children = (
				DFEB65FB15E537DE00BD53A5 /* foundation */,
				DFEB65EF15E535AC00BD53A5 /* controller */,
				DFEB65EE15E535A800BD53A5 /* view */,
				DFEB65EC15E5358C00BD53A5 /* model */,
				DFD6DA3115E5160B00A7A6E7 /* Supporting Files */,
			);
			path = beautyReader;
			sourceTree = "<group>";
		};
		DFD6DA3115E5160B00A7A6E7 /* Supporting Files */ = {
			isa = PBXGroup;
			children = (
				5E01301015E60DF60070BF05 /* resources */,
				5E01300F15E60DD20070BF05 /* config */,
				DFD6DA3215E5160B00A7A6E7 /* beautyReader-Info.plist */,
				DFD6DA3315E5160B00A7A6E7 /* InfoPlist.strings */,
				DFD6DA3615E5160B00A7A6E7 /* main.m */,
				DFD6DA3815E5160B00A7A6E7 /* beautyReader-Prefix.pch */,
			);
			name = "Supporting Files";
			sourceTree = "<group>";
		};
		DFD6DA4E15E5160B00A7A6E7 /* beautyReaderTests */ = {
			isa = PBXGroup;
			children = (
				DFD6DA5415E5160B00A7A6E7 /* beautyReaderTests.h */,
				DFD6DA5515E5160B00A7A6E7 /* beautyReaderTests.m */,
				DFD6DA4F15E5160B00A7A6E7 /* Supporting Files */,
			);
			path = beautyReaderTests;
			sourceTree = "<group>";
		};
		DFD6DA4F15E5160B00A7A6E7 /* Supporting Files */ = {
			isa = PBXGroup;
			children = (
				5E01301D15E61BB60070BF05 /* resources */,
				5E01301C15E61B6D0070BF05 /* config */,
				DFD6DA5015E5160B00A7A6E7 /* beautyReaderTests-Info.plist */,
				DFD6DA5115E5160B00A7A6E7 /* InfoPlist.strings */,
			);
			name = "Supporting Files";
			sourceTree = "<group>";
		};
		DFEB65EC15E5358C00BD53A5 /* model */ = {
			isa = PBXGroup;
			children = (
				DFC5DE7D15EA167A00DCE9BE /* service */,
				5E01303E15E626A60070BF05 /* PO */,
				DFEB663015E5397200BD53A5 /* coreData */,
				DFEB65F315E536D300BD53A5 /* STAppDelegate.h */,
				DFEB65F415E536D300BD53A5 /* STAppDelegate.m */,
			);
			name = model;
			sourceTree = "<group>";
		};
		DFEB65EE15E535A800BD53A5 /* view */ = {
			isa = PBXGroup;
			children = (
				DFC5DE8115EA1BF900DCE9BE /* cell */,
				DFC5DE7415EA009200DCE9BE /* MainView.h */,
				DFC5DE7515EA009200DCE9BE /* MainView.m */,
				DFC5DE7A15EA142A00DCE9BE /* FirstLevelMenuView.h */,
				DFC5DE7B15EA142A00DCE9BE /* FirstLevelMenuView.m */,
				DFC5DEA715EA360000DCE9BE /* SecondLevelMenuView.h */,
				DFC5DEA815EA360000DCE9BE /* SecondLevelMenuView.m */,
				5E98EF1915EB7724002AACCC /* ReaderView.h */,
				5E98EF1A15EB7724002AACCC /* ReaderView.m */,
				DFDA4F2115EBB1FD00293526 /* PlayBar.h */,
				DFDA4F2215EBB1FD00293526 /* PlayBar.m */,
				5E98EF2515EC7278002AACCC /* ToolsBar.h */,
				5E98EF2615EC7278002AACCC /* ToolsBar.m */,
				5E98EF2915EC9EE3002AACCC /* WordTranslateView.h */,
				5E98EF2A15EC9EE4002AACCC /* WordTranslateView.m */,
				5E7345C815ECC96000F7AD79 /* FavoritesView.h */,
				5E7345C915ECC96000F7AD79 /* FavoritesView.m */,
				5E7345CB15ECCA9B00F7AD79 /* WordListView.h */,
				5E7345CC15ECCA9B00F7AD79 /* WordListView.m */,
				5E7345CE15ECCAAE00F7AD79 /* SentenceListView.h */,
				5E7345CF15ECCAAE00F7AD79 /* SentenceListView.m */,
			);
			name = view;
			sourceTree = "<group>";
		};
		DFEB65EF15E535AC00BD53A5 /* controller */ = {
			isa = PBXGroup;
			children = (
				DFEB65F015E5369C00BD53A5 /* MainViewController.h */,
				DFEB65F115E5369C00BD53A5 /* MainViewController.m */,
				DFC5DE7715EA122800DCE9BE /* FirstLevelMenuController.h */,
				DFC5DE7815EA122800DCE9BE /* FirstLevelMenuController.m */,
				DFC5DEA415EA35E100DCE9BE /* SecondLevelMenuController.h */,
				DFC5DEA515EA35E100DCE9BE /* SecondLevelMenuController.m */,
				DFC5DEB415EA62BA00DCE9BE /* ReadViewController.h */,
				DFC5DEB515EA62BA00DCE9BE /* ReadViewController.m */,
				5E7345C515ECC94500F7AD79 /* FavoritesViewController.h */,
				5E7345C615ECC94500F7AD79 /* FavoritesViewController.m */,
				5E7345DD15EE008100F7AD79 /* SentenceViewController.h */,
				5E7345DE15EE008100F7AD79 /* SentenceViewController.m */,
			);
			name = controller;
			sourceTree = "<group>";
		};
		DFEB65FB15E537DE00BD53A5 /* foundation */ = {
			isa = PBXGroup;
			children = (
				5E012FF815E609E80070BF05 /* FTAnimation */,
				5EA7836B15E608170099C166 /* RegexKitLite */,
				DFEB663415E539F000BD53A5 /* utils */,
				DFEB65FC15E537E900BD53A5 /* touchXML */,
			);
			name = foundation;
			sourceTree = "<group>";
		};
		DFEB65FC15E537E900BD53A5 /* touchXML */ = {
			isa = PBXGroup;
			children = (
				DFEB65FD15E537F700BD53A5 /* CTidy.h */,
				DFEB65FE15E537F700BD53A5 /* CTidy.m */,
				DFEB65FF15E537F700BD53A5 /* CXHTMLDocument.h */,
				DFEB660015E537F700BD53A5 /* CXHTMLDocument.m */,
				DFEB660115E537F700BD53A5 /* CXMLDocument_CreationExtensions.h */,
				DFEB660215E537F700BD53A5 /* CXMLDocument_CreationExtensions.m */,
				DFEB660315E537F700BD53A5 /* CXMLDocument_PrivateExtensions.h */,
				DFEB660415E537F700BD53A5 /* CXMLDocument_PrivateExtensions.m */,
				DFEB660515E537F700BD53A5 /* CXMLDocument.h */,
				DFEB660615E537F700BD53A5 /* CXMLDocument.m */,
				DFEB660715E537F700BD53A5 /* CXMLElement_CreationExtensions.h */,
				DFEB660815E537F700BD53A5 /* CXMLElement_CreationExtensions.m */,
				DFEB660915E537F700BD53A5 /* CXMLElement_ElementTreeExtensions.h */,
				DFEB660A15E537F700BD53A5 /* CXMLElement_ElementTreeExtensions.m */,
				DFEB660B15E537F700BD53A5 /* CXMLElement.h */,
				DFEB660C15E537F700BD53A5 /* CXMLElement.m */,
				DFEB660D15E537F700BD53A5 /* CXMLNamespaceNode.h */,
				DFEB660E15E537F700BD53A5 /* CXMLNamespaceNode.m */,
				DFEB660F15E537F700BD53A5 /* CXMLNode_CreationExtensions.h */,
				DFEB661015E537F700BD53A5 /* CXMLNode_CreationExtensions.m */,
				DFEB661115E537F700BD53A5 /* CXMLNode_PrivateExtensions.h */,
				DFEB661215E537F700BD53A5 /* CXMLNode_PrivateExtensions.m */,
				DFEB661315E537F700BD53A5 /* CXMLNode_XPathExtensions.h */,
				DFEB661415E537F700BD53A5 /* CXMLNode_XPathExtensions.m */,
				DFEB661515E537F700BD53A5 /* CXMLNode.h */,
				DFEB661615E537F700BD53A5 /* CXMLNode.m */,
				DFEB661715E537F700BD53A5 /* TestParseXML.h */,
				DFEB661815E537F700BD53A5 /* TestParseXML.m */,
				DFEB661915E537F700BD53A5 /* TouchXML.h */,
				DFEB661A15E537F700BD53A5 /* XMLCreateFactory.h */,
				DFEB661B15E537F700BD53A5 /* XMLCreateFactory.m */,
				DFEB661C15E537F700BD53A5 /* XMLParseFactory.h */,
				DFEB661D15E537F700BD53A5 /* XMLParseFactory.m */,
			);
			name = touchXML;
			sourceTree = "<group>";
		};
		DFEB663015E5397200BD53A5 /* coreData */ = {
			isa = PBXGroup;
			children = (
				DFC5DEA215EA327C00DCE9BE /* sql.sqlite */,
				DFEB663115E539BD00BD53A5 /* CoreDataFactory.h */,
				DFEB663215E539BD00BD53A5 /* CoreDataFactory.m */,
				5E01307015E635070070BF05 /* coreData.xcdatamodeld */,
				DFC5DE9815EA2DBF00DCE9BE /* GAME.h */,
				DFC5DE9915EA2DCB00DCE9BE /* GAME.m */,
				DFC5DE9515EA2DBA00DCE9BE /* CHAPTER.h */,
				DFC5DE9615EA2DBC00DCE9BE /* CHAPTER.m */,
				DFC5DE9215EA2DB600DCE9BE /* SENTENCE.h */,
				DFC5DE9315EA2DB800DCE9BE /* SENTENCE.m */,
				DFC5DE8F15EA2DB300DCE9BE /* SUBJECT.h */,
				DFC5DE9015EA2DB400DCE9BE /* SUBJECT.m */,
				DFC5DE8C15EA2DB200DCE9BE /* WORD.h */,
				DFC5DE8D15EA2DB200DCE9BE /* WORD.m */,
			);
			name = coreData;
			sourceTree = "<group>";
		};
		DFEB663415E539F000BD53A5 /* utils */ = {
			isa = PBXGroup;
			children = (
				DF30EEA115ED17150080DD6C /* MBProgressHUD.h */,
				DF30EEA215ED17150080DD6C /* MBProgressHUD.m */,
				5E7345C115ECC91E00F7AD79 /* MCSegmentedControl.h */,
				5E7345C215ECC91E00F7AD79 /* MCSegmentedControl.m */,
				5EA7837315E608960099C166 /* IFTweetLabel.h */,
				5EA7837415E608960099C166 /* IFTweetLabel.m */,
				DFEB663515E53A3600BD53A5 /* FileUtils.h */,
				DFEB663615E53A3600BD53A5 /* FileUtils.m */,
				5E01303715E624A20070BF05 /* SystemInitialize.h */,
				5E01303815E624A20070BF05 /* SystemInitialize.m */,
			);
			name = utils;
			sourceTree = "<group>";
		};
/* End PBXGroup section */

/* Begin PBXNativeTarget section */
		DFD6DA2515E5160B00A7A6E7 /* beautyReader */ = {
			isa = PBXNativeTarget;
			buildConfigurationList = DFD6DA5915E5160B00A7A6E7 /* Build configuration list for PBXNativeTarget "beautyReader" */;
			buildPhases = (
				DFD6DA2215E5160B00A7A6E7 /* Sources */,
				DFD6DA2315E5160B00A7A6E7 /* Frameworks */,
				DFD6DA2415E5160B00A7A6E7 /* Resources */,
			);
			buildRules = (
			);
			dependencies = (
			);
			name = beautyReader;
			productName = beautyReader;
			productReference = DFD6DA2615E5160B00A7A6E7 /* beautyReader.app */;
			productType = "com.apple.product-type.application";
		};
		DFD6DA4615E5160B00A7A6E7 /* beautyReaderTests */ = {
			isa = PBXNativeTarget;
			buildConfigurationList = DFD6DA5C15E5160B00A7A6E7 /* Build configuration list for PBXNativeTarget "beautyReaderTests" */;
			buildPhases = (
				DFD6DA4215E5160B00A7A6E7 /* Sources */,
				DFD6DA4315E5160B00A7A6E7 /* Frameworks */,
				DFD6DA4415E5160B00A7A6E7 /* Resources */,
				DFD6DA4515E5160B00A7A6E7 /* ShellScript */,
			);
			buildRules = (
			);
			dependencies = (
				DFD6DA4D15E5160B00A7A6E7 /* PBXTargetDependency */,
			);
			name = beautyReaderTests;
			productName = beautyReaderTests;
			productReference = DFD6DA4715E5160B00A7A6E7 /* beautyReaderTests.octest */;
			productType = "com.apple.product-type.bundle";
		};
/* End PBXNativeTarget section */

/* Begin PBXProject section */
		DFD6DA1D15E5160A00A7A6E7 /* Project object */ = {
			isa = PBXProject;
			attributes = {
				CLASSPREFIX = ST;
				LastUpgradeCheck = 0430;
			};
			buildConfigurationList = DFD6DA2015E5160A00A7A6E7 /* Build configuration list for PBXProject "beautyReader" */;
			compatibilityVersion = "Xcode 3.2";
			developmentRegion = English;
			hasScannedForEncodings = 0;
			knownRegions = (
				en,
			);
			mainGroup = DFD6DA1B15E5160A00A7A6E7;
			productRefGroup = DFD6DA2715E5160B00A7A6E7 /* Products */;
			projectDirPath = "";
			projectRoot = "";
			targets = (
				DFD6DA2515E5160B00A7A6E7 /* beautyReader */,
				DFD6DA4615E5160B00A7A6E7 /* beautyReaderTests */,
			);
		};
/* End PBXProject section */

/* Begin PBXResourcesBuildPhase section */
		DFD6DA2415E5160B00A7A6E7 /* Resources */ = {
			isa = PBXResourcesBuildPhase;
			buildActionMask = 2147483647;
			files = (
				DFD6DA3515E5160B00A7A6E7 /* InfoPlist.strings in Resources */,
				5E01303615E61DA70070BF05 /* 01.mp3 in Resources */,
				5E01305515E62FB30070BF05 /* autumn.xml in Resources */,
				5E01305715E62FB30070BF05 /* spring.xml in Resources */,
				5E01305915E62FB30070BF05 /* summer.xml in Resources */,
				5E01305B15E62FB30070BF05 /* winter.xml in Resources */,
				5E01306215E62FDB0070BF05 /* 01词汇.txt in Resources */,
				5E01306415E62FDB0070BF05 /* 01翻译.txt in Resources */,
				5E01306615E62FDB0070BF05 /* 01句子.txt in Resources */,
				5E01306815E62FDB0070BF05 /* 01英汉.txt in Resources */,
				5E01306A15E62FDB0070BF05 /* 01原文.txt in Resources */,
				DFC5DEA315EA327C00DCE9BE /* sql.sqlite in Resources */,
			);
			runOnlyForDeploymentPostprocessing = 0;
		};
		DFD6DA4415E5160B00A7A6E7 /* Resources */ = {
			isa = PBXResourcesBuildPhase;
			buildActionMask = 2147483647;
			files = (
				DFD6DA5315E5160B00A7A6E7 /* InfoPlist.strings in Resources */,
				5E01305615E62FB30070BF05 /* autumn.xml in Resources */,
				5E01305815E62FB30070BF05 /* spring.xml in Resources */,
				5E01305A15E62FB30070BF05 /* summer.xml in Resources */,
				5E01305C15E62FB30070BF05 /* winter.xml in Resources */,
				5E01306315E62FDB0070BF05 /* 01词汇.txt in Resources */,
				5E01306515E62FDB0070BF05 /* 01翻译.txt in Resources */,
				5E01306715E62FDB0070BF05 /* 01句子.txt in Resources */,
				5E01306915E62FDB0070BF05 /* 01英汉.txt in Resources */,
				5E01306B15E62FDB0070BF05 /* 01原文.txt in Resources */,
			);
			runOnlyForDeploymentPostprocessing = 0;
		};
/* End PBXResourcesBuildPhase section */

/* Begin PBXShellScriptBuildPhase section */
		DFD6DA4515E5160B00A7A6E7 /* ShellScript */ = {
			isa = PBXShellScriptBuildPhase;
			buildActionMask = 2147483647;
			files = (
			);
			inputPaths = (
			);
			outputPaths = (
			);
			runOnlyForDeploymentPostprocessing = 0;
			shellPath = /bin/sh;
			shellScript = "# Run the unit tests in this test bundle.\n\"${SYSTEM_DEVELOPER_DIR}/Tools/RunUnitTests\"\n";
		};
/* End PBXShellScriptBuildPhase section */

/* Begin PBXSourcesBuildPhase section */
		DFD6DA2215E5160B00A7A6E7 /* Sources */ = {
			isa = PBXSourcesBuildPhase;
			buildActionMask = 2147483647;
			files = (
				DFD6DA3715E5160B00A7A6E7 /* main.m in Sources */,
				DFEB65F215E5369C00BD53A5 /* MainViewController.m in Sources */,
				DFEB65F515E536D300BD53A5 /* STAppDelegate.m in Sources */,
				DFEB661E15E537F700BD53A5 /* CTidy.m in Sources */,
				DFEB661F15E537F700BD53A5 /* CXHTMLDocument.m in Sources */,
				DFEB662015E537F700BD53A5 /* CXMLDocument_CreationExtensions.m in Sources */,
				DFEB662115E537F700BD53A5 /* CXMLDocument_PrivateExtensions.m in Sources */,
				DFEB662215E537F700BD53A5 /* CXMLDocument.m in Sources */,
				DFEB662315E537F700BD53A5 /* CXMLElement_CreationExtensions.m in Sources */,
				DFEB662415E537F700BD53A5 /* CXMLElement_ElementTreeExtensions.m in Sources */,
				DFEB662515E537F700BD53A5 /* CXMLElement.m in Sources */,
				DFEB662615E537F700BD53A5 /* CXMLNamespaceNode.m in Sources */,
				DFEB662715E537F700BD53A5 /* CXMLNode_CreationExtensions.m in Sources */,
				DFEB662815E537F700BD53A5 /* CXMLNode_PrivateExtensions.m in Sources */,
				DFEB662915E537F700BD53A5 /* CXMLNode_XPathExtensions.m in Sources */,
				DFEB662A15E537F700BD53A5 /* CXMLNode.m in Sources */,
				DFEB662B15E537F700BD53A5 /* TestParseXML.m in Sources */,
				DFEB662C15E537F700BD53A5 /* XMLCreateFactory.m in Sources */,
				DFEB662D15E537F700BD53A5 /* XMLParseFactory.m in Sources */,
				DFEB663315E539BD00BD53A5 /* CoreDataFactory.m in Sources */,
				DFEB663715E53A3600BD53A5 /* FileUtils.m in Sources */,
				5EA7837115E608500099C166 /* RegexKitLite.m in Sources */,
				5EA7837215E608500099C166 /* RKLMatchEnumerator.m in Sources */,
				5EA7837515E608960099C166 /* IFTweetLabel.m in Sources */,
				5E01300115E60A210070BF05 /* FTAnimation+UIView.m in Sources */,
				5E01300215E60A210070BF05 /* FTAnimationManager.m in Sources */,
				5E01300315E60A210070BF05 /* FTUtils+NSObject.m in Sources */,
				5E01303915E624A30070BF05 /* SystemInitialize.m in Sources */,
				5E01304115E626EF0070BF05 /* ChapterPO.m in Sources */,
				5E01307215E635070070BF05 /* coreData.xcdatamodeld in Sources */,
				DFC5DE7615EA009200DCE9BE /* MainView.m in Sources */,
				DFC5DE7915EA122800DCE9BE /* FirstLevelMenuController.m in Sources */,
				DFC5DE7C15EA142A00DCE9BE /* FirstLevelMenuView.m in Sources */,
				DFC5DE8015EA16AA00DCE9BE /* SubjectService.m in Sources */,
				DFC5DE8415EA1C2300DCE9BE /* FirstLevelMenuCell.m in Sources */,
				DFC5DE8E15EA2DB300DCE9BE /* WORD.m in Sources */,
				DFC5DE9115EA2DB500DCE9BE /* SUBJECT.m in Sources */,
				DFC5DE9415EA2DBA00DCE9BE /* SENTENCE.m in Sources */,
				DFC5DE9715EA2DBE00DCE9BE /* CHAPTER.m in Sources */,
				DFC5DE9A15EA2DCE00DCE9BE /* GAME.m in Sources */,
				DFC5DEA615EA35E100DCE9BE /* SecondLevelMenuController.m in Sources */,
				DFC5DEA915EA360100DCE9BE /* SecondLevelMenuView.m in Sources */,
				DFC5DEAC15EA37CE00DCE9BE /* SecondLevelMenuCell.m in Sources */,
				DFC5DEAF15EA3D2A00DCE9BE /* ChapterService.m in Sources */,
				DFC5DEB615EA62BA00DCE9BE /* ReadViewController.m in Sources */,
				5E98EF1B15EB7724002AACCC /* ReaderView.m in Sources */,
				DFDA4F2315EBB1FD00293526 /* PlayBar.m in Sources */,
				5E98EF2715EC7278002AACCC /* ToolsBar.m in Sources */,
				5E98EF2B15EC9EE4002AACCC /* WordTranslateView.m in Sources */,
				5E7345C315ECC91E00F7AD79 /* MCSegmentedControl.m in Sources */,
				5E7345C715ECC94500F7AD79 /* FavoritesViewController.m in Sources */,
				5E7345CA15ECC96000F7AD79 /* FavoritesView.m in Sources */,
				5E7345CD15ECCA9B00F7AD79 /* WordListView.m in Sources */,
				5E7345D015ECCAAE00F7AD79 /* SentenceListView.m in Sources */,
				DF30EEA315ED17150080DD6C /* MBProgressHUD.m in Sources */,
				5E7345DF15EE008100F7AD79 /* SentenceViewController.m in Sources */,
			);
			runOnlyForDeploymentPostprocessing = 0;
		};
		DFD6DA4215E5160B00A7A6E7 /* Sources */ = {
			isa = PBXSourcesBuildPhase;
			buildActionMask = 2147483647;
			files = (
				DFD6DA5615E5160B00A7A6E7 /* beautyReaderTests.m in Sources */,
			);
			runOnlyForDeploymentPostprocessing = 0;
		};
/* End PBXSourcesBuildPhase section */

/* Begin PBXTargetDependency section */
		DFD6DA4D15E5160B00A7A6E7 /* PBXTargetDependency */ = {
			isa = PBXTargetDependency;
			target = DFD6DA2515E5160B00A7A6E7 /* beautyReader */;
			targetProxy = DFD6DA4C15E5160B00A7A6E7 /* PBXContainerItemProxy */;
		};
/* End PBXTargetDependency section */

/* Begin PBXVariantGroup section */
		DFD6DA3315E5160B00A7A6E7 /* InfoPlist.strings */ = {
			isa = PBXVariantGroup;
			children = (
				DFD6DA3415E5160B00A7A6E7 /* en */,
			);
			name = InfoPlist.strings;
			sourceTree = "<group>";
		};
		DFD6DA5115E5160B00A7A6E7 /* InfoPlist.strings */ = {
			isa = PBXVariantGroup;
			children = (
				DFD6DA5215E5160B00A7A6E7 /* en */,
			);
			name = InfoPlist.strings;
			sourceTree = "<group>";
		};
/* End PBXVariantGroup section */

/* Begin XCBuildConfiguration section */
		DFD6DA5715E5160B00A7A6E7 /* Debug */ = {
			isa = XCBuildConfiguration;
			buildSettings = {
				ALWAYS_SEARCH_USER_PATHS = NO;
				ARCHS = "$(ARCHS_STANDARD_32_BIT)";
				"CODE_SIGN_IDENTITY[sdk=iphoneos*]" = "iPhone Developer";
				COPY_PHASE_STRIP = NO;
				GCC_C_LANGUAGE_STANDARD = gnu99;
				GCC_DYNAMIC_NO_PIC = NO;
				GCC_OPTIMIZATION_LEVEL = 0;
				GCC_PREPROCESSOR_DEFINITIONS = (
					"DEBUG=1",
					"$(inherited)",
				);
				GCC_SYMBOLS_PRIVATE_EXTERN = NO;
				GCC_VERSION = com.apple.compilers.llvm.clang.1_0;
				GCC_WARN_ABOUT_RETURN_TYPE = YES;
				GCC_WARN_UNINITIALIZED_AUTOS = YES;
				GCC_WARN_UNUSED_VARIABLE = YES;
				HEADER_SEARCH_PATHS = /usr/include/libxml2;
				IPHONEOS_DEPLOYMENT_TARGET = 5.1;
				SDKROOT = iphoneos;
			};
			name = Debug;
		};
		DFD6DA5815E5160B00A7A6E7 /* Release */ = {
			isa = XCBuildConfiguration;
			buildSettings = {
				ALWAYS_SEARCH_USER_PATHS = NO;
				ARCHS = "$(ARCHS_STANDARD_32_BIT)";
				"CODE_SIGN_IDENTITY[sdk=iphoneos*]" = "iPhone Developer";
				COPY_PHASE_STRIP = YES;
				GCC_C_LANGUAGE_STANDARD = gnu99;
				GCC_VERSION = com.apple.compilers.llvm.clang.1_0;
				GCC_WARN_ABOUT_RETURN_TYPE = YES;
				GCC_WARN_UNINITIALIZED_AUTOS = YES;
				GCC_WARN_UNUSED_VARIABLE = YES;
				HEADER_SEARCH_PATHS = /usr/include/libxml2;
				IPHONEOS_DEPLOYMENT_TARGET = 5.1;
				OTHER_CFLAGS = "-DNS_BLOCK_ASSERTIONS=1";
				SDKROOT = iphoneos;
				VALIDATE_PRODUCT = YES;
			};
			name = Release;
		};
		DFD6DA5A15E5160B00A7A6E7 /* Debug */ = {
			isa = XCBuildConfiguration;
			buildSettings = {
				GCC_PRECOMPILE_PREFIX_HEADER = YES;
				GCC_PREFIX_HEADER = "beautyReader/beautyReader-Prefix.pch";
				INFOPLIST_FILE = "beautyReader/beautyReader-Info.plist";
				PRODUCT_NAME = "$(TARGET_NAME)";
				WRAPPER_EXTENSION = app;
			};
			name = Debug;
		};
		DFD6DA5B15E5160B00A7A6E7 /* Release */ = {
			isa = XCBuildConfiguration;
			buildSettings = {
				GCC_PRECOMPILE_PREFIX_HEADER = YES;
				GCC_PREFIX_HEADER = "beautyReader/beautyReader-Prefix.pch";
				INFOPLIST_FILE = "beautyReader/beautyReader-Info.plist";
				PRODUCT_NAME = "$(TARGET_NAME)";
				WRAPPER_EXTENSION = app;
			};
			name = Release;
		};
		DFD6DA5D15E5160B00A7A6E7 /* Debug */ = {
			isa = XCBuildConfiguration;
			buildSettings = {
				BUNDLE_LOADER = "$(BUILT_PRODUCTS_DIR)/beautyReader.app/beautyReader";
				FRAMEWORK_SEARCH_PATHS = (
					"$(SDKROOT)/Developer/Library/Frameworks",
					"$(DEVELOPER_LIBRARY_DIR)/Frameworks",
				);
				GCC_PRECOMPILE_PREFIX_HEADER = YES;
				GCC_PREFIX_HEADER = "beautyReader/beautyReader-Prefix.pch";
				INFOPLIST_FILE = "beautyReaderTests/beautyReaderTests-Info.plist";
				PRODUCT_NAME = "$(TARGET_NAME)";
				TEST_HOST = "$(BUNDLE_LOADER)";
				WRAPPER_EXTENSION = octest;
			};
			name = Debug;
		};
		DFD6DA5E15E5160B00A7A6E7 /* Release */ = {
			isa = XCBuildConfiguration;
			buildSettings = {
				BUNDLE_LOADER = "$(BUILT_PRODUCTS_DIR)/beautyReader.app/beautyReader";
				FRAMEWORK_SEARCH_PATHS = (
					"$(SDKROOT)/Developer/Library/Frameworks",
					"$(DEVELOPER_LIBRARY_DIR)/Frameworks",
				);
				GCC_PRECOMPILE_PREFIX_HEADER = YES;
				GCC_PREFIX_HEADER = "beautyReader/beautyReader-Prefix.pch";
				INFOPLIST_FILE = "beautyReaderTests/beautyReaderTests-Info.plist";
				PRODUCT_NAME = "$(TARGET_NAME)";
				TEST_HOST = "$(BUNDLE_LOADER)";
				WRAPPER_EXTENSION = octest;
			};
			name = Release;
		};
/* End XCBuildConfiguration section */

/* Begin XCConfigurationList section */
		DFD6DA2015E5160A00A7A6E7 /* Build configuration list for PBXProject "beautyReader" */ = {
			isa = XCConfigurationList;
			buildConfigurations = (
				DFD6DA5715E5160B00A7A6E7 /* Debug */,
				DFD6DA5815E5160B00A7A6E7 /* Release */,
			);
			defaultConfigurationIsVisible = 0;
			defaultConfigurationName = Release;
		};
		DFD6DA5915E5160B00A7A6E7 /* Build configuration list for PBXNativeTarget "beautyReader" */ = {
			isa = XCConfigurationList;
			buildConfigurations = (
				DFD6DA5A15E5160B00A7A6E7 /* Debug */,
				DFD6DA5B15E5160B00A7A6E7 /* Release */,
			);
			defaultConfigurationIsVisible = 0;
			defaultConfigurationName = Release;
		};
		DFD6DA5C15E5160B00A7A6E7 /* Build configuration list for PBXNativeTarget "beautyReaderTests" */ = {
			isa = XCConfigurationList;
			buildConfigurations = (
				DFD6DA5D15E5160B00A7A6E7 /* Debug */,
				DFD6DA5E15E5160B00A7A6E7 /* Release */,
			);
			defaultConfigurationIsVisible = 0;
			defaultConfigurationName = Release;
		};
/* End XCConfigurationList section */

/* Begin XCVersionGroup section */
		5E01307015E635070070BF05 /* coreData.xcdatamodeld */ = {
			isa = XCVersionGroup;
			children = (
				5E01307115E635070070BF05 /* coreData.xcdatamodel */,
			);
			currentVersion = 5E01307115E635070070BF05 /* coreData.xcdatamodel */;
			name = coreData.xcdatamodeld;
			path = model/coreData/coreData.xcdatamodeld;
			sourceTree = "<group>";
			versionGroupType = wrapper.xcdatamodel;
		};
/* End XCVersionGroup section */
	};
	rootObject = DFD6DA1D15E5160A00A7A6E7 /* Project object */;
}
